// !$*UTF8*$!
{
	archiveVersion = 1;
	classes = {
	};
	objectVersion = 48;
	objects = {

/* Begin PBXBuildFile section */
		1F3D2BDA20933024007D8116 /* AppDependencies.swift in Sources */ = {isa = PBXBuildFile; fileRef = 1F3D2BD920933024007D8116 /* AppDependencies.swift */; };
		1F3D2BE8209337AB007D8116 /* RootWireframe.swift in Sources */ = {isa = PBXBuildFile; fileRef = 1F3D2BE7209337AB007D8116 /* RootWireframe.swift */; };
		1F3D2BEA2093382E007D8116 /* ListWireframe.swift in Sources */ = {isa = PBXBuildFile; fileRef = 1F3D2BE92093382E007D8116 /* ListWireframe.swift */; };
		1F3D2BEC2093386A007D8116 /* ListViewController.swift in Sources */ = {isa = PBXBuildFile; fileRef = 1F3D2BEB2093386A007D8116 /* ListViewController.swift */; };
		1F3D2BEE20933CAF007D8116 /* ListPresenter.swift in Sources */ = {isa = PBXBuildFile; fileRef = 1F3D2BED20933CAF007D8116 /* ListPresenter.swift */; };
		1F3D2BF020933FD7007D8116 /* ListModuleInterface.swift in Sources */ = {isa = PBXBuildFile; fileRef = 1F3D2BEF20933FD7007D8116 /* ListModuleInterface.swift */; };
		1F3D2BF220934031007D8116 /* UpcomingDisplayData.swift in Sources */ = {isa = PBXBuildFile; fileRef = 1F3D2BF120934031007D8116 /* UpcomingDisplayData.swift */; };
		1FD833FB2087618A0042372B /* Assets.xcassets in Resources */ = {isa = PBXBuildFile; fileRef = 1FD833F22087618A0042372B /* Assets.xcassets */; };
		1FD833FC2087618A0042372B /* AppDelegate.swift in Sources */ = {isa = PBXBuildFile; fileRef = 1FD833F42087618A0042372B /* AppDelegate.swift */; };
		1FD833FD2087618A0042372B /* LaunchScreen.storyboard in Resources */ = {isa = PBXBuildFile; fileRef = 1FD833F52087618A0042372B /* LaunchScreen.storyboard */; };
		1FD833FE2087618A0042372B /* Main.storyboard in Resources */ = {isa = PBXBuildFile; fileRef = 1FD833F72087618A0042372B /* Main.storyboard */; };
		1FD833FF2087618A0042372B /* Info.plist in Resources */ = {isa = PBXBuildFile; fileRef = 1FD833F92087618A0042372B /* Info.plist */; };
		1FD834002087618A0042372B /* ViewController.swift in Sources */ = {isa = PBXBuildFile; fileRef = 1FD833FA2087618A0042372B /* ViewController.swift */; };
		84DC3DEFBC9E5338EAF5F65E /* Pods_Reciper.framework in Frameworks */ = {isa = PBXBuildFile; fileRef = 727B9DFBAAD582F99D7FB8C4 /* Pods_Reciper.framework */; };
/* End PBXBuildFile section */

/* Begin PBXFileReference section */
		1F3D2BD920933024007D8116 /* AppDependencies.swift */ = {isa = PBXFileReference; lastKnownFileType = sourcecode.swift; path = AppDependencies.swift; sourceTree = "<group>"; };
		1F3D2BE7209337AB007D8116 /* RootWireframe.swift */ = {isa = PBXFileReference; lastKnownFileType = sourcecode.swift; path = RootWireframe.swift; sourceTree = "<group>"; };
		1F3D2BE92093382E007D8116 /* ListWireframe.swift */ = {isa = PBXFileReference; lastKnownFileType = sourcecode.swift; path = ListWireframe.swift; sourceTree = "<group>"; };
		1F3D2BEB2093386A007D8116 /* ListViewController.swift */ = {isa = PBXFileReference; lastKnownFileType = sourcecode.swift; path = ListViewController.swift; sourceTree = "<group>"; };
		1F3D2BED20933CAF007D8116 /* ListPresenter.swift */ = {isa = PBXFileReference; lastKnownFileType = sourcecode.swift; path = ListPresenter.swift; sourceTree = "<group>"; };
		1F3D2BEF20933FD7007D8116 /* ListModuleInterface.swift */ = {isa = PBXFileReference; lastKnownFileType = sourcecode.swift; path = ListModuleInterface.swift; sourceTree = "<group>"; };
		1F3D2BF120934031007D8116 /* UpcomingDisplayData.swift */ = {isa = PBXFileReference; lastKnownFileType = sourcecode.swift; path = UpcomingDisplayData.swift; sourceTree = "<group>"; };
		1FD833DC208760910042372B /* Reciper.app */ = {isa = PBXFileReference; explicitFileType = wrapper.application; includeInIndex = 0; path = Reciper.app; sourceTree = BUILT_PRODUCTS_DIR; };
		1FD833F22087618A0042372B /* Assets.xcassets */ = {isa = PBXFileReference; lastKnownFileType = folder.assetcatalog; path = Assets.xcassets; sourceTree = "<group>"; };
		1FD833F42087618A0042372B /* AppDelegate.swift */ = {isa = PBXFileReference; fileEncoding = 4; lastKnownFileType = sourcecode.swift; path = AppDelegate.swift; sourceTree = "<group>"; };
		1FD833F62087618A0042372B /* Base */ = {isa = PBXFileReference; lastKnownFileType = file.storyboard; name = Base; path = Base.lproj/LaunchScreen.storyboard; sourceTree = "<group>"; };
		1FD833F82087618A0042372B /* Base */ = {isa = PBXFileReference; lastKnownFileType = file.storyboard; name = Base; path = Base.lproj/Main.storyboard; sourceTree = "<group>"; };
		1FD833F92087618A0042372B /* Info.plist */ = {isa = PBXFileReference; fileEncoding = 4; lastKnownFileType = text.plist.xml; path = Info.plist; sourceTree = "<group>"; };
		1FD833FA2087618A0042372B /* ViewController.swift */ = {isa = PBXFileReference; fileEncoding = 4; lastKnownFileType = sourcecode.swift; path = ViewController.swift; sourceTree = "<group>"; };
		69A0E15E0F22B49CB4CDCC43 /* Pods-Reciper.release.xcconfig */ = {isa = PBXFileReference; includeInIndex = 1; lastKnownFileType = text.xcconfig; name = "Pods-Reciper.release.xcconfig"; path = "Pods/Target Support Files/Pods-Reciper/Pods-Reciper.release.xcconfig"; sourceTree = "<group>"; };
		727B9DFBAAD582F99D7FB8C4 /* Pods_Reciper.framework */ = {isa = PBXFileReference; explicitFileType = wrapper.framework; includeInIndex = 0; path = Pods_Reciper.framework; sourceTree = BUILT_PRODUCTS_DIR; };
		F76801E899631688ACD79633 /* Pods-Reciper.debug.xcconfig */ = {isa = PBXFileReference; includeInIndex = 1; lastKnownFileType = text.xcconfig; name = "Pods-Reciper.debug.xcconfig"; path = "Pods/Target Support Files/Pods-Reciper/Pods-Reciper.debug.xcconfig"; sourceTree = "<group>"; };
/* End PBXFileReference section */

/* Begin PBXFrameworksBuildPhase section */
		1FD833D9208760910042372B /* Frameworks */ = {
			isa = PBXFrameworksBuildPhase;
			buildActionMask = 2147483647;
			files = (
				84DC3DEFBC9E5338EAF5F65E /* Pods_Reciper.framework in Frameworks */,
			);
			runOnlyForDeploymentPostprocessing = 0;
		};
/* End PBXFrameworksBuildPhase section */

/* Begin PBXGroup section */
		1F3D2BD720932EBE007D8116 /* modules */ = {
			isa = PBXGroup;
			children = (
				1F3D2BDB20933662007D8116 /* list */,
			);
			path = modules;
			sourceTree = "<group>";
		};
		1F3D2BD820932ED9007D8116 /* common */ = {
			isa = PBXGroup;
			children = (
				1F3D2BE62093379D007D8116 /* view */,
			);
			path = common;
			sourceTree = "<group>";
		};
		1F3D2BDB20933662007D8116 /* list */ = {
			isa = PBXGroup;
			children = (
				1F3D2BDC2093366E007D8116 /* applicationLogic */,
				1F3D2BDF209336B2007D8116 /* moduleInterface */,
				1F3D2BE0209336C3007D8116 /* userInterface */,
			);
			path = list;
			sourceTree = "<group>";
		};
		1F3D2BDC2093366E007D8116 /* applicationLogic */ = {
			isa = PBXGroup;
			children = (
				1F3D2BDD20933685007D8116 /* interactor */,
				1F3D2BDE20933696007D8116 /* manager */,
			);
			path = applicationLogic;
			sourceTree = "<group>";
		};
		1F3D2BDD20933685007D8116 /* interactor */ = {
			isa = PBXGroup;
			children = (
			);
			path = interactor;
			sourceTree = "<group>";
		};
		1F3D2BDE20933696007D8116 /* manager */ = {
			isa = PBXGroup;
			children = (
			);
			path = manager;
			sourceTree = "<group>";
		};
		1F3D2BDF209336B2007D8116 /* moduleInterface */ = {
			isa = PBXGroup;
			children = (
				1F3D2BEF20933FD7007D8116 /* ListModuleInterface.swift */,
			);
			path = moduleInterface;
			sourceTree = "<group>";
		};
		1F3D2BE0209336C3007D8116 /* userInterface */ = {
			isa = PBXGroup;
			children = (
				1F3D2BE1209336F5007D8116 /* presenter */,
				1F3D2BE2209336FC007D8116 /* view */,
				1F3D2BE320933703007D8116 /* wireframe */,
			);
			path = userInterface;
			sourceTree = "<group>";
		};
		1F3D2BE1209336F5007D8116 /* presenter */ = {
			isa = PBXGroup;
			children = (
				1F3D2BED20933CAF007D8116 /* ListPresenter.swift */,
				1F3D2BF120934031007D8116 /* UpcomingDisplayData.swift */,
			);
			path = presenter;
			sourceTree = "<group>";
		};
		1F3D2BE2209336FC007D8116 /* view */ = {
			isa = PBXGroup;
			children = (
				1F3D2BEB2093386A007D8116 /* ListViewController.swift */,
			);
			path = view;
			sourceTree = "<group>";
		};
		1F3D2BE320933703007D8116 /* wireframe */ = {
			isa = PBXGroup;
			children = (
				1F3D2BE92093382E007D8116 /* ListWireframe.swift */,
			);
			path = wireframe;
			sourceTree = "<group>";
		};
		1F3D2BE520933767007D8116 /* SupportingFiles */ = {
			isa = PBXGroup;
			children = (
				1FD833F92087618A0042372B /* Info.plist */,
			);
			path = SupportingFiles;
			sourceTree = "<group>";
		};
		1F3D2BE62093379D007D8116 /* view */ = {
			isa = PBXGroup;
			children = (
				1F3D2BE7209337AB007D8116 /* RootWireframe.swift */,
			);
			path = view;
			sourceTree = "<group>";
		};
		1FD833D3208760910042372B = {
			isa = PBXGroup;
			children = (
				1FD833F12087618A0042372B /* Resource */,
				1FD833F32087618A0042372B /* Source */,
				1FD833DD208760910042372B /* Products */,
				9A9F2F7B20856283A55705C4 /* Pods */,
				EA3AC74DC4913EEAD39BFB07 /* Frameworks */,
			);
			sourceTree = "<group>";
		};
		1FD833DD208760910042372B /* Products */ = {
			isa = PBXGroup;
			children = (
				1FD833DC208760910042372B /* Reciper.app */,
			);
			name = Products;
			sourceTree = "<group>";
		};
		1FD833F12087618A0042372B /* Resource */ = {
			isa = PBXGroup;
			children = (
				1FD833F52087618A0042372B /* LaunchScreen.storyboard */,
				1FD833F22087618A0042372B /* Assets.xcassets */,
			);
			path = Resource;
			sourceTree = "<group>";
		};
		1FD833F32087618A0042372B /* Source */ = {
			isa = PBXGroup;
			children = (
				1F3D2BD820932ED9007D8116 /* common */,
				1F3D2BD720932EBE007D8116 /* modules */,
				1FD833F42087618A0042372B /* AppDelegate.swift */,
				1F3D2BD920933024007D8116 /* AppDependencies.swift */,
				1FD833F72087618A0042372B /* Main.storyboard */,
				1FD833FA2087618A0042372B /* ViewController.swift */,
				1F3D2BE520933767007D8116 /* SupportingFiles */,
			);
			path = Source;
			sourceTree = "<group>";
		};
		9A9F2F7B20856283A55705C4 /* Pods */ = {
			isa = PBXGroup;
			children = (
				F76801E899631688ACD79633 /* Pods-Reciper.debug.xcconfig */,
				69A0E15E0F22B49CB4CDCC43 /* Pods-Reciper.release.xcconfig */,
			);
			name = Pods;
			sourceTree = "<group>";
		};
		EA3AC74DC4913EEAD39BFB07 /* Frameworks */ = {
			isa = PBXGroup;
			children = (
				727B9DFBAAD582F99D7FB8C4 /* Pods_Reciper.framework */,
			);
			name = Frameworks;
			sourceTree = "<group>";
		};
/* End PBXGroup section */

/* Begin PBXNativeTarget section */
		1FD833DB208760910042372B /* Reciper */ = {
			isa = PBXNativeTarget;
			buildConfigurationList = 1FD833EE208760910042372B /* Build configuration list for PBXNativeTarget "Reciper" */;
			buildPhases = (
				52DB503342E6A7C79EEB3D4E /* [CP] Check Pods Manifest.lock */,
				1FD833D8208760910042372B /* Sources */,
				1FD833D9208760910042372B /* Frameworks */,
				1FD833DA208760910042372B /* Resources */,
				91F4EE3BFDAC4279F8FB964F /* [CP] Embed Pods Frameworks */,
				91F27B54DE0605622DF3FCBB /* [CP] Copy Pods Resources */,
			);
			buildRules = (
			);
			dependencies = (
			);
			name = Reciper;
			productName = Reciper;
			productReference = 1FD833DC208760910042372B /* Reciper.app */;
			productType = "com.apple.product-type.application";
		};
/* End PBXNativeTarget section */

/* Begin PBXProject section */
		1FD833D4208760910042372B /* Project object */ = {
			isa = PBXProject;
			attributes = {
				LastSwiftUpdateCheck = 0910;
				LastUpgradeCheck = 0910;
				ORGANIZATIONNAME = Test;
				TargetAttributes = {
					1FD833DB208760910042372B = {
						CreatedOnToolsVersion = 9.1;
						ProvisioningStyle = Automatic;
					};
				};
			};
			buildConfigurationList = 1FD833D7208760910042372B /* Build configuration list for PBXProject "Reciper" */;
			compatibilityVersion = "Xcode 8.0";
			developmentRegion = en;
			hasScannedForEncodings = 0;
			knownRegions = (
				en,
				Base,
			);
			mainGroup = 1FD833D3208760910042372B;
			productRefGroup = 1FD833DD208760910042372B /* Products */;
			projectDirPath = "";
			projectRoot = "";
			targets = (
				1FD833DB208760910042372B /* Reciper */,
			);
		};
/* End PBXProject section */

/* Begin PBXResourcesBuildPhase section */
		1FD833DA208760910042372B /* Resources */ = {
			isa = PBXResourcesBuildPhase;
			buildActionMask = 2147483647;
			files = (
				1FD833FF2087618A0042372B /* Info.plist in Resources */,
				1FD833FE2087618A0042372B /* Main.storyboard in Resources */,
				1FD833FB2087618A0042372B /* Assets.xcassets in Resources */,
				1FD833FD2087618A0042372B /* LaunchScreen.storyboard in Resources */,
			);
			runOnlyForDeploymentPostprocessing = 0;
		};
/* End PBXResourcesBuildPhase section */

/* Begin PBXShellScriptBuildPhase section */
		52DB503342E6A7C79EEB3D4E /* [CP] Check Pods Manifest.lock */ = {
			isa = PBXShellScriptBuildPhase;
			buildActionMask = 2147483647;
			files = (
			);
			inputPaths = (
				"${PODS_PODFILE_DIR_PATH}/Podfile.lock",
				"${PODS_ROOT}/Manifest.lock",
			);
			name = "[CP] Check Pods Manifest.lock";
			outputPaths = (
				"$(DERIVED_FILE_DIR)/Pods-Reciper-checkManifestLockResult.txt",
			);
			runOnlyForDeploymentPostprocessing = 0;
			shellPath = /bin/sh;
			shellScript = "diff \"${PODS_PODFILE_DIR_PATH}/Podfile.lock\" \"${PODS_ROOT}/Manifest.lock\" > /dev/null\nif [ $? != 0 ] ; then\n    # print error to STDERR\n    echo \"error: The sandbox is not in sync with the Podfile.lock. Run 'pod install' or update your CocoaPods installation.\" >&2\n    exit 1\nfi\n# This output is used by Xcode 'outputs' to avoid re-running this script phase.\necho \"SUCCESS\" > \"${SCRIPT_OUTPUT_FILE_0}\"\n";
			showEnvVarsInLog = 0;
		};
		91F27B54DE0605622DF3FCBB /* [CP] Copy Pods Resources */ = {
			isa = PBXShellScriptBuildPhase;
			buildActionMask = 2147483647;
			files = (
			);
			inputPaths = (
			);
			name = "[CP] Copy Pods Resources";
			outputPaths = (
			);
			runOnlyForDeploymentPostprocessing = 0;
			shellPath = /bin/sh;
			shellScript = "\"${SRCROOT}/Pods/Target Support Files/Pods-Reciper/Pods-Reciper-resources.sh\"\n";
			showEnvVarsInLog = 0;
		};
		91F4EE3BFDAC4279F8FB964F /* [CP] Embed Pods Frameworks */ = {
			isa = PBXShellScriptBuildPhase;
			buildActionMask = 2147483647;
			files = (
			);
			inputPaths = (
			);
			name = "[CP] Embed Pods Frameworks";
			outputPaths = (
			);
			runOnlyForDeploymentPostprocessing = 0;
			shellPath = /bin/sh;
			shellScript = "\"${SRCROOT}/Pods/Target Support Files/Pods-Reciper/Pods-Reciper-frameworks.sh\"\n";
			showEnvVarsInLog = 0;
		};
/* End PBXShellScriptBuildPhase section */

/* Begin PBXSourcesBuildPhase section */
		1FD833D8208760910042372B /* Sources */ = {
			isa = PBXSourcesBuildPhase;
			buildActionMask = 2147483647;
			files = (
				1F3D2BEE20933CAF007D8116 /* ListPresenter.swift in Sources */,
				1F3D2BEA2093382E007D8116 /* ListWireframe.swift in Sources */,
				1F3D2BE8209337AB007D8116 /* RootWireframe.swift in Sources */,
				1F3D2BEC2093386A007D8116 /* ListViewController.swift in Sources */,
				1F3D2BF220934031007D8116 /* UpcomingDisplayData.swift in Sources */,
				1F3D2BDA20933024007D8116 /* AppDependencies.swift in Sources */,
				1FD834002087618A0042372B /* ViewController.swift in Sources */,
				1FD833FC2087618A0042372B /* AppDelegate.swift in Sources */,
				1F3D2BF020933FD7007D8116 /* ListModuleInterface.swift in Sources */,
			);
			runOnlyForDeploymentPostprocessing = 0;
		};
/* End PBXSourcesBuildPhase section */

/* Begin PBXVariantGroup section */
		1FD833F52087618A0042372B /* LaunchScreen.storyboard */ = {
			isa = PBXVariantGroup;
			children = (
				1FD833F62087618A0042372B /* Base */,
			);
			name = LaunchScreen.storyboard;
			sourceTree = "<group>";
		};
		1FD833F72087618A0042372B /* Main.storyboard */ = {
			isa = PBXVariantGroup;
			children = (
				1FD833F82087618A0042372B /* Base */,
			);
			name = Main.storyboard;
			sourceTree = "<group>";
		};
/* End PBXVariantGroup section */

/* Begin XCBuildConfiguration section */
		1FD833EC208760910042372B /* Debug */ = {
			isa = XCBuildConfiguration;
			buildSettings = {
				ALWAYS_SEARCH_USER_PATHS = NO;
				CLANG_ANALYZER_NONNULL = YES;
				CLANG_ANALYZER_NUMBER_OBJECT_CONVERSION = YES_AGGRESSIVE;
				CLANG_CXX_LANGUAGE_STANDARD = "gnu++14";
				CLANG_CXX_LIBRARY = "libc++";
				CLANG_ENABLE_MODULES = YES;
				CLANG_ENABLE_OBJC_ARC = YES;
				CLANG_WARN_BLOCK_CAPTURE_AUTORELEASING = YES;
				CLANG_WARN_BOOL_CONVERSION = YES;
				CLANG_WARN_COMMA = YES;
				CLANG_WARN_CONSTANT_CONVERSION = YES;
				CLANG_WARN_DIRECT_OBJC_ISA_USAGE = YES_ERROR;
				CLANG_WARN_DOCUMENTATION_COMMENTS = YES;
				CLANG_WARN_EMPTY_BODY = YES;
				CLANG_WARN_ENUM_CONVERSION = YES;
				CLANG_WARN_INFINITE_RECURSION = YES;
				CLANG_WARN_INT_CONVERSION = YES;
				CLANG_WARN_NON_LITERAL_NULL_CONVERSION = YES;
				CLANG_WARN_OBJC_LITERAL_CONVERSION = YES;
				CLANG_WARN_OBJC_ROOT_CLASS = YES_ERROR;
				CLANG_WARN_RANGE_LOOP_ANALYSIS = YES;
				CLANG_WARN_STRICT_PROTOTYPES = YES;
				CLANG_WARN_SUSPICIOUS_MOVE = YES;
				CLANG_WARN_UNGUARDED_AVAILABILITY = YES_AGGRESSIVE;
				CLANG_WARN_UNREACHABLE_CODE = YES;
				CLANG_WARN__DUPLICATE_METHOD_MATCH = YES;
				CODE_SIGN_IDENTITY = "iPhone Developer";
				COPY_PHASE_STRIP = NO;
				DEBUG_INFORMATION_FORMAT = dwarf;
				ENABLE_STRICT_OBJC_MSGSEND = YES;
				ENABLE_TESTABILITY = YES;
				GCC_C_LANGUAGE_STANDARD = gnu11;
				GCC_DYNAMIC_NO_PIC = NO;
				GCC_NO_COMMON_BLOCKS = YES;
				GCC_OPTIMIZATION_LEVEL = 0;
				GCC_PREPROCESSOR_DEFINITIONS = (
					"DEBUG=1",
					"$(inherited)",
				);
				GCC_WARN_64_TO_32_BIT_CONVERSION = YES;
				GCC_WARN_ABOUT_RETURN_TYPE = YES_ERROR;
				GCC_WARN_UNDECLARED_SELECTOR = YES;
				GCC_WARN_UNINITIALIZED_AUTOS = YES_AGGRESSIVE;
				GCC_WARN_UNUSED_FUNCTION = YES;
				GCC_WARN_UNUSED_VARIABLE = YES;
				IPHONEOS_DEPLOYMENT_TARGET = 11.1;
				MTL_ENABLE_DEBUG_INFO = YES;
				ONLY_ACTIVE_ARCH = YES;
				SDKROOT = iphoneos;
				SWIFT_ACTIVE_COMPILATION_CONDITIONS = DEBUG;
				SWIFT_OPTIMIZATION_LEVEL = "-Onone";
			};
			name = Debug;
		};
		1FD833ED208760910042372B /* Release */ = {
			isa = XCBuildConfiguration;
			buildSettings = {
				ALWAYS_SEARCH_USER_PATHS = NO;
				CLANG_ANALYZER_NONNULL = YES;
				CLANG_ANALYZER_NUMBER_OBJECT_CONVERSION = YES_AGGRESSIVE;
				CLANG_CXX_LANGUAGE_STANDARD = "gnu++14";
				CLANG_CXX_LIBRARY = "libc++";
				CLANG_ENABLE_MODULES = YES;
				CLANG_ENABLE_OBJC_ARC = YES;
				CLANG_WARN_BLOCK_CAPTURE_AUTORELEASING = YES;
				CLANG_WARN_BOOL_CONVERSION = YES;
				CLANG_WARN_COMMA = YES;
				CLANG_WARN_CONSTANT_CONVERSION = YES;
				CLANG_WARN_DIRECT_OBJC_ISA_USAGE = YES_ERROR;
				CLANG_WARN_DOCUMENTATION_COMMENTS = YES;
				CLANG_WARN_EMPTY_BODY = YES;
				CLANG_WARN_ENUM_CONVERSION = YES;
				CLANG_WARN_INFINITE_RECURSION = YES;
				CLANG_WARN_INT_CONVERSION = YES;
				CLANG_WARN_NON_LITERAL_NULL_CONVERSION = YES;
				CLANG_WARN_OBJC_LITERAL_CONVERSION = YES;
				CLANG_WARN_OBJC_ROOT_CLASS = YES_ERROR;
				CLANG_WARN_RANGE_LOOP_ANALYSIS = YES;
				CLANG_WARN_STRICT_PROTOTYPES = YES;
				CLANG_WARN_SUSPICIOUS_MOVE = YES;
				CLANG_WARN_UNGUARDED_AVAILABILITY = YES_AGGRESSIVE;
				CLANG_WARN_UNREACHABLE_CODE = YES;
				CLANG_WARN__DUPLICATE_METHOD_MATCH = YES;
				CODE_SIGN_IDENTITY = "iPhone Developer";
				COPY_PHASE_STRIP = NO;
				DEBUG_INFORMATION_FORMAT = "dwarf-with-dsym";
				ENABLE_NS_ASSERTIONS = NO;
				ENABLE_STRICT_OBJC_MSGSEND = YES;
				GCC_C_LANGUAGE_STANDARD = gnu11;
				GCC_NO_COMMON_BLOCKS = YES;
				GCC_WARN_64_TO_32_BIT_CONVERSION = YES;
				GCC_WARN_ABOUT_RETURN_TYPE = YES_ERROR;
				GCC_WARN_UNDECLARED_SELECTOR = YES;
				GCC_WARN_UNINITIALIZED_AUTOS = YES_AGGRESSIVE;
				GCC_WARN_UNUSED_FUNCTION = YES;
				GCC_WARN_UNUSED_VARIABLE = YES;
				IPHONEOS_DEPLOYMENT_TARGET = 11.1;
				MTL_ENABLE_DEBUG_INFO = NO;
				SDKROOT = iphoneos;
				SWIFT_OPTIMIZATION_LEVEL = "-Owholemodule";
				VALIDATE_PRODUCT = YES;
			};
			name = Release;
		};
		1FD833EF208760910042372B /* Debug */ = {
			isa = XCBuildConfiguration;
			baseConfigurationReference = F76801E899631688ACD79633 /* Pods-Reciper.debug.xcconfig */;
			buildSettings = {
				ASSETCATALOG_COMPILER_APPICON_NAME = AppIcon;
				ASSETCATALOG_COMPILER_LAUNCHIMAGE_NAME = LaunchImage;
				CODE_SIGN_STYLE = Automatic;
				DEVELOPMENT_TEAM = 2GSY3ASF3K;
				INFOPLIST_FILE = "$(SRCROOT)/Source/SupportingFiles/Info.plist";
				LD_RUNPATH_SEARCH_PATHS = "$(inherited) @executable_path/Frameworks";
				PRODUCT_BUNDLE_IDENTIFIER = pl.reciper.Reciper;
				PRODUCT_NAME = "$(TARGET_NAME)";
				SWIFT_VERSION = 4.0;
				TARGETED_DEVICE_FAMILY = "1,2";
			};
			name = Debug;
		};
		1FD833F0208760910042372B /* Release */ = {
			isa = XCBuildConfiguration;
			baseConfigurationReference = 69A0E15E0F22B49CB4CDCC43 /* Pods-Reciper.release.xcconfig */;
			buildSettings = {
				ASSETCATALOG_COMPILER_APPICON_NAME = AppIcon;
				ASSETCATALOG_COMPILER_LAUNCHIMAGE_NAME = LaunchImage;
				CODE_SIGN_STYLE = Automatic;
				DEVELOPMENT_TEAM = 2GSY3ASF3K;
				INFOPLIST_FILE = "$(SRCROOT)/Source/SupportingFiles/Info.plist";
				LD_RUNPATH_SEARCH_PATHS = "$(inherited) @executable_path/Frameworks";
				PRODUCT_BUNDLE_IDENTIFIER = pl.reciper.Reciper;
				PRODUCT_NAME = "$(TARGET_NAME)";
				SWIFT_VERSION = 4.0;
				TARGETED_DEVICE_FAMILY = "1,2";
			};
			name = Release;
		};
/* End XCBuildConfiguration section */

/* Begin XCConfigurationList section */
		1FD833D7208760910042372B /* Build configuration list for PBXProject "Reciper" */ = {
			isa = XCConfigurationList;
			buildConfigurations = (
				1FD833EC208760910042372B /* Debug */,
				1FD833ED208760910042372B /* Release */,
			);
			defaultConfigurationIsVisible = 0;
			defaultConfigurationName = Release;
		};
		1FD833EE208760910042372B /* Build configuration list for PBXNativeTarget "Reciper" */ = {
			isa = XCConfigurationList;
			buildConfigurations = (
				1FD833EF208760910042372B /* Debug */,
				1FD833F0208760910042372B /* Release */,
			);
			defaultConfigurationIsVisible = 0;
			defaultConfigurationName = Release;
		};
/* End XCConfigurationList section */
	};
	rootObject = 1FD833D4208760910042372B /* Project object */;
}
